
Microsoft Visual Studio Solution File, Format Version 12.00
# Visual Studio Version 16
VisualStudioVersion = 16.0.30907.101
MinimumVisualStudioVersion = 10.0.40219.1
Project("{FAE04EC0-301F-11D3-BF4B-00C04F79EFBC}") = "AbstractDemo", "AbstractDemo\AbstractDemo.csproj", "{808FCD30-A16F-44F3-860D-A2148BAF659A}"
EndProject
Project("{FAE04EC0-301F-11D3-BF4B-00C04F79EFBC}") = "GenericDemo", "GenericDemo\GenericDemo.csproj", "{112D70E7-37AC-4B64-B764-D0E639F4E347}"
EndProject
Project("{FAE04EC0-301F-11D3-BF4B-00C04F79EFBC}") = "InterfaceDemo", "InterfaceDemo\InterfaceDemo.csproj", "{F62611DE-CDD7-4747-86D2-49C29405C52A}"
EndProject
Project("{FAE04EC0-301F-11D3-BF4B-00C04F79EFBC}") = "OOPDemo", "OOPDemo\OOPDemo.csproj", "{22A388D0-1162-436E-A594-D50E7B4617D2}"
EndProject
Project("{FAE04EC0-301F-11D3-BF4B-00C04F79EFBC}") = "StaticDemo", "StaticDemo\StaticDemo.csproj", "{435AD4EC-A420-4096-B2A3-31EAA4182BAB}"
EndProject
Project("{FAE04EC0-301F-11D3-BF4B-00C04F79EFBC}") = "TypesDemo", "TypesDemo\TypesDemo.csproj", "{52A84C2D-5824-4667-9499-A40998D1D44A}"
EndProject
Project("{FAE04EC0-301F-11D3-BF4B-00C04F79EFBC}") = "AsyncAwaitDemo", "AsyncAwaitDemo\AsyncAwaitDemo.csproj", "{18999631-5711-4DA0-9B14-3342E0297CA4}"
EndProject
Project("{FAE04EC0-301F-11D3-BF4B-00C04F79EFBC}") = "TaskRunDemo", "TaskRunDemo\TaskRunDemo.csproj", "{288FC6DE-4B49-4561-8A06-890580FEC108}"
EndProject
Project("{FAE04EC0-301F-11D3-BF4B-00C04F79EFBC}") = "VirtualFunction", "VirtualFunction\VirtualFunction.csproj", "{17F12043-884F-45FB-AD81-9B96569089BB}"
EndProject
Project("{2150E333-8FDC-42A3-9474-1A3956D46DE8}") = "Delegate", "Delegate", "{0CB3F337-438A-431B-B15A-0A3A8A4371B6}"
EndProject
Project("{FAE04EC0-301F-11D3-BF4B-00C04F79EFBC}") = "BasicDelegates", "BasicDelegates\BasicDelegates.csproj", "{78316D57-564A-421C-9CE2-B84C4E072413}"
EndProject
Project("{FAE04EC0-301F-11D3-BF4B-00C04F79EFBC}") = "AnonymousDelegates", "AnonymousDelegates\AnonymousDelegates.csproj", "{11B56BA6-8040-43DE-B188-2B1E8C53624D}"
EndProject
Project("{FAE04EC0-301F-11D3-BF4B-00C04F79EFBC}") = "ComposableDelegates", "ComposableDelegates\ComposableDelegates.csproj", "{DC3BDBE9-910C-467D-AD56-CBB76B5D954B}"
EndProject
Project("{FAE04EC0-301F-11D3-BF4B-00C04F79EFBC}") = "ComposableDelegates2", "ComposableDelegates2\ComposableDelegates2.csproj", "{06DB0928-F315-471B-9527-3DFD1CC74D21}"
EndProject
Project("{FAE04EC0-301F-11D3-BF4B-00C04F79EFBC}") = "DelegatesChallenge", "DelegatesChallenge\DelegatesChallenge.csproj", "{8C4B3654-18CE-4B46-94C5-915233F6BEA4}"
EndProject
Project("{2150E333-8FDC-42A3-9474-1A3956D46DE8}") = "Events", "Events", "{2487FBD6-79FB-4CFB-B84B-8A123584A7D8}"
EndProject
Project("{FAE04EC0-301F-11D3-BF4B-00C04F79EFBC}") = "BasicEvents", "BasicEvents\BasicEvents.csproj", "{69D27FDE-2BC7-4F31-88DC-12D8FB94F340}"
EndProject
Project("{FAE04EC0-301F-11D3-BF4B-00C04F79EFBC}") = "ChainedEvents", "ChainedEvents\ChainedEvents.csproj", "{311416BD-6969-4B85-9344-14167BDA7E7D}"
EndProject
Project("{FAE04EC0-301F-11D3-BF4B-00C04F79EFBC}") = "EventsChallenge", "EventsChallenge\EventsChallenge.csproj", "{905ED26F-3704-4BAC-82DA-1FA92EF0BF8D}"
EndProject
Global
	GlobalSection(SolutionConfigurationPlatforms) = preSolution
		Debug|Any CPU = Debug|Any CPU
		Release|Any CPU = Release|Any CPU
	EndGlobalSection
	GlobalSection(ProjectConfigurationPlatforms) = postSolution
		{808FCD30-A16F-44F3-860D-A2148BAF659A}.Debug|Any CPU.ActiveCfg = Debug|Any CPU
		{808FCD30-A16F-44F3-860D-A2148BAF659A}.Debug|Any CPU.Build.0 = Debug|Any CPU
		{808FCD30-A16F-44F3-860D-A2148BAF659A}.Release|Any CPU.ActiveCfg = Release|Any CPU
		{808FCD30-A16F-44F3-860D-A2148BAF659A}.Release|Any CPU.Build.0 = Release|Any CPU
		{112D70E7-37AC-4B64-B764-D0E639F4E347}.Debug|Any CPU.ActiveCfg = Debug|Any CPU
		{112D70E7-37AC-4B64-B764-D0E639F4E347}.Debug|Any CPU.Build.0 = Debug|Any CPU
		{112D70E7-37AC-4B64-B764-D0E639F4E347}.Release|Any CPU.ActiveCfg = Release|Any CPU
		{112D70E7-37AC-4B64-B764-D0E639F4E347}.Release|Any CPU.Build.0 = Release|Any CPU
		{F62611DE-CDD7-4747-86D2-49C29405C52A}.Debug|Any CPU.ActiveCfg = Debug|Any CPU
		{F62611DE-CDD7-4747-86D2-49C29405C52A}.Debug|Any CPU.Build.0 = Debug|Any CPU
		{F62611DE-CDD7-4747-86D2-49C29405C52A}.Release|Any CPU.ActiveCfg = Release|Any CPU
		{F62611DE-CDD7-4747-86D2-49C29405C52A}.Release|Any CPU.Build.0 = Release|Any CPU
		{22A388D0-1162-436E-A594-D50E7B4617D2}.Debug|Any CPU.ActiveCfg = Debug|Any CPU
		{22A388D0-1162-436E-A594-D50E7B4617D2}.Debug|Any CPU.Build.0 = Debug|Any CPU
		{22A388D0-1162-436E-A594-D50E7B4617D2}.Release|Any CPU.ActiveCfg = Release|Any CPU
		{22A388D0-1162-436E-A594-D50E7B4617D2}.Release|Any CPU.Build.0 = Release|Any CPU
		{435AD4EC-A420-4096-B2A3-31EAA4182BAB}.Debug|Any CPU.ActiveCfg = Debug|Any CPU
		{435AD4EC-A420-4096-B2A3-31EAA4182BAB}.Debug|Any CPU.Build.0 = Debug|Any CPU
		{435AD4EC-A420-4096-B2A3-31EAA4182BAB}.Release|Any CPU.ActiveCfg = Release|Any CPU
		{435AD4EC-A420-4096-B2A3-31EAA4182BAB}.Release|Any CPU.Build.0 = Release|Any CPU
		{52A84C2D-5824-4667-9499-A40998D1D44A}.Debug|Any CPU.ActiveCfg = Debug|Any CPU
		{52A84C2D-5824-4667-9499-A40998D1D44A}.Debug|Any CPU.Build.0 = Debug|Any CPU
		{52A84C2D-5824-4667-9499-A40998D1D44A}.Release|Any CPU.ActiveCfg = Release|Any CPU
		{52A84C2D-5824-4667-9499-A40998D1D44A}.Release|Any CPU.Build.0 = Release|Any CPU
		{18999631-5711-4DA0-9B14-3342E0297CA4}.Debug|Any CPU.ActiveCfg = Debug|Any CPU
		{18999631-5711-4DA0-9B14-3342E0297CA4}.Debug|Any CPU.Build.0 = Debug|Any CPU
		{18999631-5711-4DA0-9B14-3342E0297CA4}.Release|Any CPU.ActiveCfg = Release|Any CPU
		{18999631-5711-4DA0-9B14-3342E0297CA4}.Release|Any CPU.Build.0 = Release|Any CPU
		{288FC6DE-4B49-4561-8A06-890580FEC108}.Debug|Any CPU.ActiveCfg = Debug|Any CPU
		{288FC6DE-4B49-4561-8A06-890580FEC108}.Debug|Any CPU.Build.0 = Debug|Any CPU
		{288FC6DE-4B49-4561-8A06-890580FEC108}.Release|Any CPU.ActiveCfg = Release|Any CPU
		{288FC6DE-4B49-4561-8A06-890580FEC108}.Release|Any CPU.Build.0 = Release|Any CPU
		{17F12043-884F-45FB-AD81-9B96569089BB}.Debug|Any CPU.ActiveCfg = Debug|Any CPU
		{17F12043-884F-45FB-AD81-9B96569089BB}.Debug|Any CPU.Build.0 = Debug|Any CPU
		{17F12043-884F-45FB-AD81-9B96569089BB}.Release|Any CPU.ActiveCfg = Release|Any CPU
		{17F12043-884F-45FB-AD81-9B96569089BB}.Release|Any CPU.Build.0 = Release|Any CPU
		{78316D57-564A-421C-9CE2-B84C4E072413}.Debug|Any CPU.ActiveCfg = Debug|Any CPU
		{78316D57-564A-421C-9CE2-B84C4E072413}.Debug|Any CPU.Build.0 = Debug|Any CPU
		{78316D57-564A-421C-9CE2-B84C4E072413}.Release|Any CPU.ActiveCfg = Release|Any CPU
		{78316D57-564A-421C-9CE2-B84C4E072413}.Release|Any CPU.Build.0 = Release|Any CPU
		{11B56BA6-8040-43DE-B188-2B1E8C53624D}.Debug|Any CPU.ActiveCfg = Debug|Any CPU
		{11B56BA6-8040-43DE-B188-2B1E8C53624D}.Debug|Any CPU.Build.0 = Debug|Any CPU
		{11B56BA6-8040-43DE-B188-2B1E8C53624D}.Release|Any CPU.ActiveCfg = Release|Any CPU
		{11B56BA6-8040-43DE-B188-2B1E8C53624D}.Release|Any CPU.Build.0 = Release|Any CPU
		{DC3BDBE9-910C-467D-AD56-CBB76B5D954B}.Debug|Any CPU.ActiveCfg = Debug|Any CPU
		{DC3BDBE9-910C-467D-AD56-CBB76B5D954B}.Debug|Any CPU.Build.0 = Debug|Any CPU
		{DC3BDBE9-910C-467D-AD56-CBB76B5D954B}.Release|Any CPU.ActiveCfg = Release|Any CPU
		{DC3BDBE9-910C-467D-AD56-CBB76B5D954B}.Release|Any CPU.Build.0 = Release|Any CPU
		{06DB0928-F315-471B-9527-3DFD1CC74D21}.Debug|Any CPU.ActiveCfg = Debug|Any CPU
		{06DB0928-F315-471B-9527-3DFD1CC74D21}.Debug|Any CPU.Build.0 = Debug|Any CPU
		{06DB0928-F315-471B-9527-3DFD1CC74D21}.Release|Any CPU.ActiveCfg = Release|Any CPU
		{06DB0928-F315-471B-9527-3DFD1CC74D21}.Release|Any CPU.Build.0 = Release|Any CPU
		{8C4B3654-18CE-4B46-94C5-915233F6BEA4}.Debug|Any CPU.ActiveCfg = Debug|Any CPU
		{8C4B3654-18CE-4B46-94C5-915233F6BEA4}.Debug|Any CPU.Build.0 = Debug|Any CPU
		{8C4B3654-18CE-4B46-94C5-915233F6BEA4}.Release|Any CPU.ActiveCfg = Release|Any CPU
		{8C4B3654-18CE-4B46-94C5-915233F6BEA4}.Release|Any CPU.Build.0 = Release|Any CPU
		{69D27FDE-2BC7-4F31-88DC-12D8FB94F340}.Debug|Any CPU.ActiveCfg = Debug|Any CPU
		{69D27FDE-2BC7-4F31-88DC-12D8FB94F340}.Debug|Any CPU.Build.0 = Debug|Any CPU
		{69D27FDE-2BC7-4F31-88DC-12D8FB94F340}.Release|Any CPU.ActiveCfg = Release|Any CPU
		{69D27FDE-2BC7-4F31-88DC-12D8FB94F340}.Release|Any CPU.Build.0 = Release|Any CPU
		{311416BD-6969-4B85-9344-14167BDA7E7D}.Debug|Any CPU.ActiveCfg = Debug|Any CPU
		{311416BD-6969-4B85-9344-14167BDA7E7D}.Debug|Any CPU.Build.0 = Debug|Any CPU
		{311416BD-6969-4B85-9344-14167BDA7E7D}.Release|Any CPU.ActiveCfg = Release|Any CPU
		{311416BD-6969-4B85-9344-14167BDA7E7D}.Release|Any CPU.Build.0 = Release|Any CPU
		{905ED26F-3704-4BAC-82DA-1FA92EF0BF8D}.Debug|Any CPU.ActiveCfg = Debug|Any CPU
		{905ED26F-3704-4BAC-82DA-1FA92EF0BF8D}.Debug|Any CPU.Build.0 = Debug|Any CPU
		{905ED26F-3704-4BAC-82DA-1FA92EF0BF8D}.Release|Any CPU.ActiveCfg = Release|Any CPU
		{905ED26F-3704-4BAC-82DA-1FA92EF0BF8D}.Release|Any CPU.Build.0 = Release|Any CPU
	EndGlobalSection
	GlobalSection(SolutionProperties) = preSolution
		HideSolutionNode = FALSE
	EndGlobalSection
	GlobalSection(NestedProjects) = preSolution
		{78316D57-564A-421C-9CE2-B84C4E072413} = {0CB3F337-438A-431B-B15A-0A3A8A4371B6}
		{11B56BA6-8040-43DE-B188-2B1E8C53624D} = {0CB3F337-438A-431B-B15A-0A3A8A4371B6}
		{DC3BDBE9-910C-467D-AD56-CBB76B5D954B} = {0CB3F337-438A-431B-B15A-0A3A8A4371B6}
		{06DB0928-F315-471B-9527-3DFD1CC74D21} = {0CB3F337-438A-431B-B15A-0A3A8A4371B6}
		{8C4B3654-18CE-4B46-94C5-915233F6BEA4} = {0CB3F337-438A-431B-B15A-0A3A8A4371B6}
		{69D27FDE-2BC7-4F31-88DC-12D8FB94F340} = {2487FBD6-79FB-4CFB-B84B-8A123584A7D8}
		{311416BD-6969-4B85-9344-14167BDA7E7D} = {2487FBD6-79FB-4CFB-B84B-8A123584A7D8}
		{905ED26F-3704-4BAC-82DA-1FA92EF0BF8D} = {2487FBD6-79FB-4CFB-B84B-8A123584A7D8}
	EndGlobalSection
	GlobalSection(ExtensibilityGlobals) = postSolution
		SolutionGuid = {D3C56FAD-5235-47B7-825F-F543321CA308}
	EndGlobalSection
EndGlobal
